# THIS IS AN AUTOGENERATED FILE. DO NOT EDIT THIS FILE DIRECTLY.
# yarn lockfile v1


"@gitbeaker/core@^38.12.1":
  version "38.12.1"
  resolved "https://registry.yarnpkg.com/@gitbeaker/core/-/core-38.12.1.tgz#d75d9f829aed9957a75c798d454324285366d0de"
  integrity sha512-8XMVcBIdVAAoxn7JtqmZ2Ee8f+AZLcCPmqEmPFOXY2jPS84y/DERISg/+sbhhb18iRy+ZsZhpWgQ/r3CkYNJOQ==
  dependencies:
    "@gitbeaker/requester-utils" "^38.12.1"
    qs "^6.11.1"
    xcase "^2.0.1"

"@gitbeaker/requester-utils@^38.12.1":
  version "38.12.1"
  resolved "https://registry.yarnpkg.com/@gitbeaker/requester-utils/-/requester-utils-38.12.1.tgz#8917647521e518ba74425c78a6dd91cf5787b4dc"
  integrity sha512-Rc/DgngS0YPN+AY1s9UnexKSy4Lh0bkQVAq9p7PRbRpXb33SlTeCg8eg/8+A/mrMcHgYmP0XhH8lkizyA5tBUQ==
  dependencies:
    qs "^6.11.1"
    xcase "^2.0.1"

"@gitbeaker/rest@^38.0.0":
  version "38.12.1"
  resolved "https://registry.yarnpkg.com/@gitbeaker/rest/-/rest-38.12.1.tgz#93c57104234ba9f4bd61959dca1e11a569089619"
  integrity sha512-9KMSDtJ/sIov+5pcH+CAfiJXSiuYgN0KLKQFg0HHWR2DwcjGYkcbmhoZcWsaOWOqq4kihN1l7wX91UoRxxKKTQ==
  dependencies:
    "@gitbeaker/core" "^38.12.1"
    "@gitbeaker/requester-utils" "^38.12.1"

"@octokit/auth-token@^4.0.0":
  version "4.0.0"
  resolved "https://registry.yarnpkg.com/@octokit/auth-token/-/auth-token-4.0.0.tgz#40d203ea827b9f17f42a29c6afb93b7745ef80c7"
  integrity sha512-tY/msAuJo6ARbK6SPIxZrPBms3xPbfwBrulZe0Wtr/DIY9lje2HeV1uoebShn6mx7SjCHif6EjMvoREj+gZ+SA==

"@octokit/auth-token@^6.0.0":
  version "6.0.0"
  resolved "https://registry.yarnpkg.com/@octokit/auth-token/-/auth-token-6.0.0.tgz#b02e9c08a2d8937df09a2a981f226ad219174c53"
  integrity sha512-P4YJBPdPSpWTQ1NU4XYdvHvXJJDxM6YwpS0FZHRgP7YFkdVxsWcpWGy/NVqlAA7PcPCnMacXlRm1y2PFZRWL/w==

"@octokit/core@^5.0.2":
  version "5.2.2"
  resolved "https://registry.yarnpkg.com/@octokit/core/-/core-5.2.2.tgz#252805732de9b4e8e4f658d34b80c4c9b2534761"
  integrity sha512-/g2d4sW9nUDJOMz3mabVQvOGhVa4e/BN/Um7yca9Bb2XTzPPnfTWHWQg+IsEYO7M3Vx+EXvaM/I2pJWIMun1bg==
  dependencies:
    "@octokit/auth-token" "^4.0.0"
    "@octokit/graphql" "^7.1.0"
    "@octokit/request" "^8.4.1"
    "@octokit/request-error" "^5.1.1"
    "@octokit/types" "^13.0.0"
    before-after-hook "^2.2.0"
    universal-user-agent "^6.0.0"

"@octokit/core@^7.0.6":
  version "7.0.6"
  resolved "https://registry.yarnpkg.com/@octokit/core/-/core-7.0.6.tgz#0d58704391c6b681dec1117240ea4d2a98ac3916"
  integrity sha512-DhGl4xMVFGVIyMwswXeyzdL4uXD5OGILGX5N8Y+f6W7LhC1Ze2poSNrkF/fedpVDHEEZ+PHFW0vL14I+mm8K3Q==
  dependencies:
    "@octokit/auth-token" "^6.0.0"
    "@octokit/graphql" "^9.0.3"
    "@octokit/request" "^10.0.6"
    "@octokit/request-error" "^7.0.2"
    "@octokit/types" "^16.0.0"
    before-after-hook "^4.0.0"
    universal-user-agent "^7.0.0"

"@octokit/endpoint@^11.0.3":
  version "11.0.3"
  resolved "https://registry.yarnpkg.com/@octokit/endpoint/-/endpoint-11.0.3.tgz#acf5f7feddde4e12185d5312ee38ff77235d8205"
  integrity sha512-FWFlNxghg4HrXkD3ifYbS/IdL/mDHjh9QcsNyhQjN8dplUoZbejsdpmuqdA76nxj2xoWPs7p8uX2SNr9rYu0Ag==
  dependencies:
    "@octokit/types" "^16.0.0"
    universal-user-agent "^7.0.2"

"@octokit/endpoint@^9.0.6":
  version "9.0.6"
  resolved "https://registry.yarnpkg.com/@octokit/endpoint/-/endpoint-9.0.6.tgz#114d912108fe692d8b139cfe7fc0846dfd11b6c0"
  integrity sha512-H1fNTMA57HbkFESSt3Y9+FBICv+0jFceJFPWDePYlR/iMGrwM5ph+Dd4XRQs+8X+PUFURLQgX9ChPfhJ/1uNQw==
  dependencies:
    "@octokit/types" "^13.1.0"
    universal-user-agent "^6.0.0"

"@octokit/graphql@^7.1.0":
  version "7.1.1"
  resolved "https://registry.yarnpkg.com/@octokit/graphql/-/graphql-7.1.1.tgz#79d9f3d0c96a8fd13d64186fe5c33606d48b79cc"
  integrity sha512-3mkDltSfcDUoa176nlGoA32RGjeWjl3K7F/BwHwRMJUW/IteSa4bnSV8p2ThNkcIcZU2umkZWxwETSSCJf2Q7g==
  dependencies:
    "@octokit/request" "^8.4.1"
    "@octokit/types" "^13.0.0"
    universal-user-agent "^6.0.0"

"@octokit/graphql@^9.0.3":
  version "9.0.3"
  resolved "https://registry.yarnpkg.com/@octokit/graphql/-/graphql-9.0.3.tgz#5b8341c225909e924b466705c13477face869456"
  integrity sha512-grAEuupr/C1rALFnXTv6ZQhFuL1D8G5y8CN04RgrO4FIPMrtm+mcZzFG7dcBm+nq+1ppNixu+Jd78aeJOYxlGA==
  dependencies:
    "@octokit/request" "^10.0.6"
    "@octokit/types" "^16.0.0"
    universal-user-agent "^7.0.0"

"@octokit/openapi-types@^24.2.0":
  version "24.2.0"
  resolved "https://registry.yarnpkg.com/@octokit/openapi-types/-/openapi-types-24.2.0.tgz#3d55c32eac0d38da1a7083a9c3b0cca77924f7d3"
  integrity sha512-9sIH3nSUttelJSXUrmGzl7QUBFul0/mB8HRYl3fOlgHbIWG+WnYDXU3v/2zMtAvuzZ/ed00Ei6on975FhBfzrg==

"@octokit/openapi-types@^27.0.0":
  version "27.0.0"
  resolved "https://registry.yarnpkg.com/@octokit/openapi-types/-/openapi-types-27.0.0.tgz#374ea53781965fd02a9d36cacb97e152cefff12d"
  integrity sha512-whrdktVs1h6gtR+09+QsNk2+FO+49j6ga1c55YZudfEG+oKJVvJLQi3zkOm5JjiUXAagWK2tI2kTGKJ2Ys7MGA==

"@octokit/plugin-paginate-rest@11.4.4-cjs.2":
  version "11.4.4-cjs.2"
  resolved "https://registry.yarnpkg.com/@octokit/plugin-paginate-rest/-/plugin-paginate-rest-11.4.4-cjs.2.tgz#979a10d577bce7a393e8e65953887e42b0a05000"
  integrity sha512-2dK6z8fhs8lla5PaOTgqfCGBxgAv/le+EhPs27KklPhm1bKObpu6lXzwfUEQ16ajXzqNrKMujsFyo9K2eaoISw==
  dependencies:
    "@octokit/types" "^13.7.0"

"@octokit/plugin-paginate-rest@^14.0.0":
  version "14.0.0"
  resolved "https://registry.yarnpkg.com/@octokit/plugin-paginate-rest/-/plugin-paginate-rest-14.0.0.tgz#44dc9fff2dacb148d4c5c788b573ddc044503026"
  integrity sha512-fNVRE7ufJiAA3XUrha2omTA39M6IXIc6GIZLvlbsm8QOQCYvpq/LkMNGyFlB1d8hTDzsAXa3OKtybdMAYsV/fw==
  dependencies:
    "@octokit/types" "^16.0.0"

"@octokit/plugin-request-log@^4.0.0":
  version "4.0.1"
  resolved "https://registry.yarnpkg.com/@octokit/plugin-request-log/-/plugin-request-log-4.0.1.tgz#98a3ca96e0b107380664708111864cb96551f958"
  integrity sha512-GihNqNpGHorUrO7Qa9JbAl0dbLnqJVrV8OXe2Zm5/Y4wFkZQDfTreBzVmiRfJVfE4mClXdihHnbpyyO9FSX4HA==

"@octokit/plugin-request-log@^6.0.0":
  version "6.0.0"
  resolved "https://registry.yarnpkg.com/@octokit/plugin-request-log/-/plugin-request-log-6.0.0.tgz#de1c1e557df6c08adb631bf78264fa741e01b317"
  integrity sha512-UkOzeEN3W91/eBq9sPZNQ7sUBvYCqYbrrD8gTbBuGtHEuycE4/awMXcYvx6sVYo7LypPhmQwwpUe4Yyu4QZN5Q==

"@octokit/plugin-rest-endpoint-methods@13.3.2-cjs.1":
  version "13.3.2-cjs.1"
  resolved "https://registry.yarnpkg.com/@octokit/plugin-rest-endpoint-methods/-/plugin-rest-endpoint-methods-13.3.2-cjs.1.tgz#d0a142ff41d8f7892b6ccef45979049f51ecaa8d"
  integrity sha512-VUjIjOOvF2oELQmiFpWA1aOPdawpyaCUqcEBc/UOUnj3Xp6DJGrJ1+bjUIIDzdHjnFNO6q57ODMfdEZnoBkCwQ==
  dependencies:
    "@octokit/types" "^13.8.0"

"@octokit/plugin-rest-endpoint-methods@^17.0.0":
  version "17.0.0"
  resolved "https://registry.yarnpkg.com/@octokit/plugin-rest-endpoint-methods/-/plugin-rest-endpoint-methods-17.0.0.tgz#8c54397d3a4060356a1c8a974191ebf945924105"
  integrity sha512-B5yCyIlOJFPqUUeiD0cnBJwWJO8lkJs5d8+ze9QDP6SvfiXSz1BF+91+0MeI1d2yxgOhU/O+CvtiZ9jSkHhFAw==
  dependencies:
    "@octokit/types" "^16.0.0"

"@octokit/request-error@^5.1.1":
  version "5.1.1"
  resolved "https://registry.yarnpkg.com/@octokit/request-error/-/request-error-5.1.1.tgz#b9218f9c1166e68bb4d0c89b638edc62c9334805"
  integrity sha512-v9iyEQJH6ZntoENr9/yXxjuezh4My67CBSu9r6Ve/05Iu5gNgnisNWOsoJHTP6k0Rr0+HQIpnH+kyammu90q/g==
  dependencies:
    "@octokit/types" "^13.1.0"
    deprecation "^2.0.0"
    once "^1.4.0"

"@octokit/request-error@^7.0.2":
  version "7.1.0"
  resolved "https://registry.yarnpkg.com/@octokit/request-error/-/request-error-7.1.0.tgz#440fa3cae310466889778f5a222b47a580743638"
  integrity sha512-KMQIfq5sOPpkQYajXHwnhjCC0slzCNScLHs9JafXc4RAJI+9f+jNDlBNaIMTvazOPLgb4BnlhGJOTbnN0wIjPw==
  dependencies:
    "@octokit/types" "^16.0.0"

"@octokit/request@^10.0.6":
  version "10.0.11"
  resolved "https://registry.yarnpkg.com/@octokit/request/-/request-10.0.11.tgz#a11d8b9bae5f6e868efb7dea946edd855ebb2549"
  integrity sha512-+s7HUxjfFqOMS9VlIwDffq0MikjSAK0gSpG73W+meAvVAvX4MBrHYTK5Bj3Uot55qFT4gzUtfzE4mGWY4Br8/Q==
  dependencies:
    "@octokit/endpoint" "^11.0.3"
    "@octokit/request-error" "^7.0.2"
    "@octokit/types" "^16.0.0"
    content-type "^2.0.0"
    json-with-bigint "^3.5.3"
    universal-user-agent "^7.0.2"

"@octokit/request@^8.4.1":
  version "8.4.1"
  resolved "https://registry.yarnpkg.com/@octokit/request/-/request-8.4.1.tgz#715a015ccf993087977ea4365c44791fc4572486"
  integrity sha512-qnB2+SY3hkCmBxZsR/MPCybNmbJe4KAlfWErXq+rBKkQJlbjdJeS85VI9r8UqeLYLvnAenU8Q1okM/0MBsAGXw==
  dependencies:
    "@octokit/endpoint" "^9.0.6"
    "@octokit/request-error" "^5.1.1"
    "@octokit/types" "^13.1.0"
    universal-user-agent "^6.0.0"

"@octokit/rest@*":
  version "22.0.1"
  resolved "https://registry.yarnpkg.com/@octokit/rest/-/rest-22.0.1.tgz#4d866c32b76b711d3f736f91992e2b534163b416"
  integrity sha512-Jzbhzl3CEexhnivb1iQ0KJ7s5vvjMWcmRtq5aUsKmKDrRW6z3r84ngmiFKFvpZjpiU/9/S6ITPFRpn5s/3uQJw==
  dependencies:
    "@octokit/core" "^7.0.6"
    "@octokit/plugin-paginate-rest" "^14.0.0"
    "@octokit/plugin-request-log" "^6.0.0"
    "@octokit/plugin-rest-endpoint-methods" "^17.0.0"

"@octokit/rest@^20.1.2":
  version "20.1.2"
  resolved "https://registry.yarnpkg.com/@octokit/rest/-/rest-20.1.2.tgz#1d74d0c72ade0d64f7c5416448d5c885f5e3ccc4"
  integrity sha512-GmYiltypkHHtihFwPRxlaorG5R9VAHuk/vbszVoRTGXnAsY60wYLkh/E2XiFmdZmqrisw+9FaazS1i5SbdWYgA==
  dependencies:
    "@octokit/core" "^5.0.2"
    "@octokit/plugin-paginate-rest" "11.4.4-cjs.2"
    "@octokit/plugin-request-log" "^4.0.0"
    "@octokit/plugin-rest-endpoint-methods" "13.3.2-cjs.1"

"@octokit/types@^13.0.0", "@octokit/types@^13.1.0", "@octokit/types@^13.7.0", "@octokit/types@^13.8.0":
  version "13.10.0"
  resolved "https://registry.yarnpkg.com/@octokit/types/-/types-13.10.0.tgz#3e7c6b19c0236c270656e4ea666148c2b51fd1a3"
  integrity sha512-ifLaO34EbbPj0Xgro4G5lP5asESjwHracYJvVaPIyXMuiuXLlhic3S47cBdTb+jfODkTE5YtGCLt3Ay3+J97sA==
  dependencies:
    "@octokit/openapi-types" "^24.2.0"

"@octokit/types@^16.0.0":
  version "16.0.0"
  resolved "https://registry.yarnpkg.com/@octokit/types/-/types-16.0.0.tgz#fbd7fa590c2ef22af881b1d79758bfaa234dbb7c"
  integrity sha512-sKq+9r1Mm4efXW1FCk7hFSeJo4QKreL/tTbR0rz/qx/r1Oa2VV83LTA/H/MuCOX7uCIJmQVRKBcbmWoySjAnSg==
  dependencies:
    "@octokit/openapi-types" "^27.0.0"

ansi-styles@^4.1.0:
  version "4.3.0"
  resolved "https://registry.yarnpkg.com/ansi-styles/-/ansi-styles-4.3.0.tgz#edd803628ae71c04c85ae7a0906edad34b648937"
  integrity sha512-zbB9rCJAT1rbjiVDb2hqKFHNYLxgtk8NURxZ3IZwD3F6NtxbXZQCnnSi1Lkx+IDohdPlFp222wVALIheZJQSEg==
  dependencies:
    color-convert "^2.0.1"

async-retry@1.2.3:
  version "1.2.3"
  resolved "https://registry.yarnpkg.com/async-retry/-/async-retry-1.2.3.tgz#a6521f338358d322b1a0012b79030c6f411d1ce0"
  integrity sha512-tfDb02Th6CE6pJUF2gjW5ZVjsgwlucVXOEQMvEX9JgSJMs9gAX+Nz3xRuJBKuUYjTSYORqvDBORdAQ3LU59g7Q==
  dependencies:
    retry "0.12.0"

before-after-hook@^2.2.0:
  version "2.2.3"
  resolved "https://registry.yarnpkg.com/before-after-hook/-/before-after-hook-2.2.3.tgz#c51e809c81a4e354084422b9b26bad88249c517c"
  integrity sha512-NzUnlZexiaH/46WDhANlyR2bXRopNg4F/zuSA3OpZnllCUgRaOF2znDioDWrmbNVsuZk6l9pMquQB38cfBZwkQ==

before-after-hook@^4.0.0:
  version "4.0.0"
  resolved "https://registry.yarnpkg.com/before-after-hook/-/before-after-hook-4.0.0.tgz#cf1447ab9160df6a40f3621da64d6ffc36050cb9"
  integrity sha512-q6tR3RPqIB1pMiTRMFcZwuG5T8vwp+vUvEG0vuI6B+Rikh5BfPp2fQ82c925FOs+b0lcFQ8CFrL+KbilfZFhOQ==

braces@^3.0.3:
  version "3.0.3"
  resolved "https://registry.yarnpkg.com/braces/-/braces-3.0.3.tgz#490332f40919452272d55a8480adc0c441358789"
  integrity sha512-yQbXgO/OSZVD2IsiLlro+7Hf6Q18EJrKSEsdoMzKePKXct3gvD8oLcOQdIzGupr5Fj+EDe8gO/lxc1BzfMpxvA==
  dependencies:
    fill-range "^7.1.1"

buffer-equal-constant-time@^1.0.1:
  version "1.0.1"
  resolved "https://registry.yarnpkg.com/buffer-equal-constant-time/-/buffer-equal-constant-time-1.0.1.tgz#f8e71132f7ffe6e01a5c9697a4c6f3e48d5cc819"
  integrity sha512-zRpUiDwd/xk6ADqPMATG8vc9VPrkck7T07OIx0gnjmJAnHnTVXNQG3vfvWNuiZIkwu9KrKdA1iJKfsfTVxE6NA==

call-bind-apply-helpers@^1.0.1, call-bind-apply-helpers@^1.0.2:
  version "1.0.2"
  resolved "https://registry.yarnpkg.com/call-bind-apply-helpers/-/call-bind-apply-helpers-1.0.2.tgz#4b5428c222be985d79c3d82657479dbe0b59b2d6"
  integrity sha512-Sp1ablJ0ivDkSzjcaJdxEunN5/XvksFJ2sMBFfq6x0ryhQV/2b/KwFe21cMpmHtPOSij8K99/wSfoEuTObmuMQ==
  dependencies:
    es-errors "^1.3.0"
    function-bind "^1.1.2"

call-bound@^1.0.2:
  version "1.0.4"
  resolved "https://registry.yarnpkg.com/call-bound/-/call-bound-1.0.4.tgz#238de935d2a2a692928c538c7ccfa91067fd062a"
  integrity sha512-+ys997U96po4Kx/ABpBCqhA9EuxJaQWDQg7295H4hBphv3IZg0boBKuwYpt4YXp6MZ5AmZQnU/tyMTlRpaSejg==
  dependencies:
    call-bind-apply-helpers "^1.0.2"
    get-intrinsic "^1.3.0"

chalk@^4.1.2:
  version "4.1.2"
  resolved "https://registry.yarnpkg.com/chalk/-/chalk-4.1.2.tgz#aac4e2b7734a740867aeb16bf02aad556a1e7a01"
  integrity sha512-oKnbhFyRIXpUuez8iBMmyEa4nbj4IOQyuhc/wy9kY7/WVPcwIO9VA668Pu8RkO7+0G76SLROeyw9CpQ061i4mA==
  dependencies:
    ansi-styles "^4.1.0"
    supports-color "^7.1.0"

color-convert@^2.0.1:
  version "2.0.1"
  resolved "https://registry.yarnpkg.com/color-convert/-/color-convert-2.0.1.tgz#72d3a68d598c9bdb3af2ad1e84f21d896abd4de3"
  integrity sha512-RRECPsj7iu/xb5oKYcsFHSppFNnsj/52OVTRKb4zP5onXwVF3zVmmToNcOfGC+CRDpfK/U584fMg38ZHCaElKQ==
  dependencies:
    color-name "~1.1.4"

color-name@~1.1.4:
  version "1.1.4"
  resolved "https://registry.yarnpkg.com/color-name/-/color-name-1.1.4.tgz#c2a09a87acbde69543de6f63fa3995c826c536a2"
  integrity sha512-dOy+3AuW3a2wNbZHIuMZpTcgjGuLU/uBL/ubcZF9OXbDo8ff4O8yVp5Bf0efS8uEoYo5q4Fx7dY9OgQGXgAsQA==

colors@1.4.0:
  version "1.4.0"
  resolved "https://registry.yarnpkg.com/colors/-/colors-1.4.0.tgz#c50491479d4c1bdaed2c9ced32cf7c7dc2360f78"
  integrity sha512-a+UqTh4kgZg/SlGvfbzDHpgRu7AAQOmmqRHJnxhRZICKFUT91brVhNNt58CMWU9PsBbv3PDCZUHbVxuDiH2mtA==

commander@^2.18.0:
  version "2.20.3"
  resolved "https://registry.yarnpkg.com/commander/-/commander-2.20.3.tgz#fd485e84c03eb4881c20722ba48035e8531aeb33"
  integrity sha512-GpVkmM8vF2vQUkj2LvZmD35JxeJOLCwJ9cUkugyk2nuhbv3+mJvpLYYt+0+USMxE+oj+ey/lJEnhZw75x/OMcQ==

content-type@^2.0.0:
  version "2.0.0"
  resolved "https://registry.yarnpkg.com/content-type/-/content-type-2.0.0.tgz#2fb3ede69dffa0af78ca7c4ce7589680638b56df"
  integrity sha512-j/O/d7GcZCyNl7/hwZAb606rzqkyvaDctLmckbxLzHvFBzTJHuGEdodATcP3yIRoDrLHkIATJuvzbFlp/ki2cQ==

core-js@^3.8.2:
  version "3.49.0"
  resolved "https://registry.yarnpkg.com/core-js/-/core-js-3.49.0.tgz#8b4d520ac034311fa21aa616f017ada0e0dbbddd"
  integrity sha512-es1U2+YTtzpwkxVLwAFdSpaIMyQaq0PBgm3YD1W3Qpsn1NAmO3KSgZfu+oGSWVu6NvLHoHCV/aYcsE5wiB7ALg==

danger@13.0.10:
  version "13.0.10"
  resolved "https://registry.yarnpkg.com/danger/-/danger-13.0.10.tgz#bddffea497cabd6f02ec127bab06f94693cf6bb0"
  integrity sha512-qMa/YdfVP/a1HhuvMUsocTO0otgLphuiV5z4G5P7C4+qHvNtCSlzvZm3UuwBut2iwQ/r5NGcwcmD4t+8LjIS0A==
  dependencies:
    "@gitbeaker/rest" "^38.0.0"
    "@octokit/rest" "^20.1.2"
    async-retry "1.2.3"
    chalk "^4.1.2"
    commander "^2.18.0"
    core-js "^3.8.2"
    debug "^4.1.1"
    fast-json-patch "^3.0.0-1"
    hyperlinker "^1.0.0"
    ini "^5.0.0"
    json5 "^2.2.3"
    jsonpointer "^5.0.0"
    jsonwebtoken "^9.0.0"
    lodash.includes "^4.3.0"
    lodash.isobject "^3.0.2"
    lodash.mapvalues "^4.6.0"
    lodash.memoize "^4.1.2"
    memfs-or-file-map-to-github-branch "^1.3.0"
    micromatch "^4.0.4"
    node-cleanup "^2.1.2"
    override-require "^1.1.1"
    parse-diff "^0.7.0"
    parse-github-url "^1.0.2"
    parse-link-header "^2.0.0"
    pinpoint "^1.1.0"
    prettyjson "^1.2.1"
    readline-sync "^1.4.9"
    regenerator-runtime "^0.13.9"
    require-from-string "^2.0.2"
    supports-hyperlinks "^4.3.0"
    undici "6.21.1"

debug@^4.1.1:
  version "4.4.3"
  resolved "https://registry.yarnpkg.com/debug/-/debug-4.4.3.tgz#c6ae432d9bd9662582fce08709b038c58e9e3d6a"
  integrity sha512-RGwwWnwQvkVfavKVt22FGLw+xYSdzARwm0ru6DhTVA3umU5hZc28V3kO4stgYryrTlLpuvgI9GiijltAjNbcqA==
  dependencies:
    ms "^2.1.3"

deprecation@^2.0.0:
  version "2.3.1"
  resolved "https://registry.yarnpkg.com/deprecation/-/deprecation-2.3.1.tgz#6368cbdb40abf3373b525ac87e4a260c3a700919"
  integrity sha512-xmHIy4F3scKVwMsQ4WnVaS8bHOx0DmVwRywosKhaILI0ywMDWPtBSku2HNxRvF7jtwDRsoEwYQSfbxj8b7RlJQ==

dunder-proto@^1.0.1:
  version "1.0.1"
  resolved "https://registry.yarnpkg.com/dunder-proto/-/dunder-proto-1.0.1.tgz#d7ae667e1dc83482f8b70fd0f6eefc50da30f58a"
  integrity sha512-KIN/nDJBQRcXw0MLVhZE9iQHmG68qAVIBg9CqmUYjmQIhgij9U5MFvrqkUL5FbtyyzZuOeOt0zdeRe4UY7ct+A==
  dependencies:
    call-bind-apply-helpers "^1.0.1"
    es-errors "^1.3.0"
    gopd "^1.2.0"

ecdsa-sig-formatter@1.0.11:
  version "1.0.11"
  resolved "https://registry.yarnpkg.com/ecdsa-sig-formatter/-/ecdsa-sig-formatter-1.0.11.tgz#ae0f0fa2d85045ef14a817daa3ce9acd0489e5bf"
  integrity sha512-nagl3RYrbNv6kQkeJIpt6NJZy8twLB/2vtz6yN9Z4vRKHN4/QZJIEbqohALSgwKdnksuY3k5Addp5lg8sVoVcQ==
  dependencies:
    safe-buffer "^5.0.1"

es-define-property@^1.0.1:
  version "1.0.1"
  resolved "https://registry.yarnpkg.com/es-define-property/-/es-define-property-1.0.1.tgz#983eb2f9a6724e9303f61addf011c72e09e0b0fa"
  integrity sha512-e3nRfgfUZ4rNGL232gUgX06QNyyez04KdjFrF+LTRoOXmrOgFKDg4BCdsjW8EnT69eqdYGmRpJwiPVYNrCaW3g==

es-errors@^1.3.0:
  version "1.3.0"
  resolved "https://registry.yarnpkg.com/es-errors/-/es-errors-1.3.0.tgz#05f75a25dab98e4fb1dcd5e1472c0546d5057c8f"
  integrity sha512-Zf5H2Kxt2xjTvbJvP2ZWLEICxA6j+hAmMzIlypy4xcBg1vKVnx89Wy0GbS+kf5cwCVFFzdCFh2XSCFNULS6csw==

es-object-atoms@^1.0.0, es-object-atoms@^1.1.1:
  version "1.1.2"
  resolved "https://registry.yarnpkg.com/es-object-atoms/-/es-object-atoms-1.1.2.tgz#a2d0b373205724dfa525d23b0c3e1b1ca582c99b"
  integrity sha512-HWcBoN6NileqtSydK2FqHbS/LoDd2pqrnQHLyJzBj4kOp/ky2MWMN694xOfkK8/SnUsW2DH7EfyVlydKCsm1Zw==
  dependencies:
    es-errors "^1.3.0"

fast-json-patch@^3.0.0-1:
  version "3.1.1"
  resolved "https://registry.yarnpkg.com/fast-json-patch/-/fast-json-patch-3.1.1.tgz#85064ea1b1ebf97a3f7ad01e23f9337e72c66947"
  integrity sha512-vf6IHUX2SBcA+5/+4883dsIjpBTqmfBjmYiWK1savxQmFk4JfBMLa7ynTYOs1Rolp/T1betJxHiGD3g1Mn8lUQ==

fill-range@^7.1.1:
  version "7.1.1"
  resolved "https://registry.yarnpkg.com/fill-range/-/fill-range-7.1.1.tgz#44265d3cac07e3ea7dc247516380643754a05292"
  integrity sha512-YsGpe3WHLK8ZYi4tWDg2Jy3ebRz2rXowDxnld4bkQB00cc/1Zw9AWnC0i9ztDJitivtQvaI9KaLyKrc+hBW0yg==
  dependencies:
    to-regex-range "^5.0.1"

function-bind@^1.1.2:
  version "1.1.2"
  resolved "https://registry.yarnpkg.com/function-bind/-/function-bind-1.1.2.tgz#2c02d864d97f3ea6c8830c464cbd11ab6eab7a1c"
  integrity sha512-7XHNxH7qX9xG5mIwxkhumTox/MIRNcOgDrxWsMt2pAr23WHp6MrRlN7FBSFpCpr+oVO0F744iUgR82nJMfG2SA==

get-intrinsic@^1.2.5, get-intrinsic@^1.3.0:
  version "1.3.0"
  resolved "https://registry.yarnpkg.com/get-intrinsic/-/get-intrinsic-1.3.0.tgz#743f0e3b6964a93a5491ed1bffaae054d7f98d01"
  integrity sha512-9fSjSaos/fRIVIp+xSJlE6lfwhES7LNtKaCBIamHsjr2na1BiABJPo0mOjjz8GJDURarmCPGqaiVg5mfjb98CQ==
  dependencies:
    call-bind-apply-helpers "^1.0.2"
    es-define-property "^1.0.1"
    es-errors "^1.3.0"
    es-object-atoms "^1.1.1"
    function-bind "^1.1.2"
    get-proto "^1.0.1"
    gopd "^1.2.0"
    has-symbols "^1.1.0"
    hasown "^2.0.2"
    math-intrinsics "^1.1.0"

get-proto@^1.0.1:
  version "1.0.1"
  resolved "https://registry.yarnpkg.com/get-proto/-/get-proto-1.0.1.tgz#150b3f2743869ef3e851ec0c49d15b1d14d00ee1"
  integrity sha512-sTSfBjoXBp89JvIKIefqw7U2CCebsc74kiY6awiGogKtoSGbgjYE/G/+l9sF3MWFPNc9IcoOC4ODfKHfxFmp0g==
  dependencies:
    dunder-proto "^1.0.1"
    es-object-atoms "^1.0.0"

gopd@^1.2.0:
  version "1.2.0"
  resolved "https://registry.yarnpkg.com/gopd/-/gopd-1.2.0.tgz#89f56b8217bdbc8802bd299df6d7f1081d7e51a1"
  integrity sha512-ZUKRh6/kUFoAiTAtTYPZJ3hw9wNxx+BIBOijnlG9PnrJsCcSjs1wyyD6vJpaYtgnzDrKYRSqf3OO6Rfa93xsRg==

has-flag@^4.0.0:
  version "4.0.0"
  resolved "https://registry.yarnpkg.com/has-flag/-/has-flag-4.0.0.tgz#944771fd9c81c81265c4d6941860da06bb59479b"
  integrity sha512-EykJT/Q1KjTWctppgIAgfSO0tKVuZUjhgMr17kqTumMl6Afv3EISleU7qZUzoXDFTAHTDC4NOoG/ZxU3EvlMPQ==

has-flag@^5.0.1:
  version "5.0.1"
  resolved "https://registry.yarnpkg.com/has-flag/-/has-flag-5.0.1.tgz#5483db2ae02a472d1d0691462fc587d1843cd940"
  integrity sha512-CsNUt5x9LUdx6hnk/E2SZLsDyvfqANZSUq4+D3D8RzDJ2M+HDTIkF60ibS1vHaK55vzgiZw1bEPFG9yH7l33wA==

has-symbols@^1.1.0:
  version "1.1.0"
  resolved "https://registry.yarnpkg.com/has-symbols/-/has-symbols-1.1.0.tgz#fc9c6a783a084951d0b971fe1018de813707a338"
  integrity sha512-1cDNdwJ2Jaohmb3sg4OmKaMBwuC48sYni5HUw2DvsC8LjGTLK9h+eb1X6RyuOHe4hT0ULCW68iomhjUoKUqlPQ==

hasown@^2.0.2:
  version "2.0.4"
  resolved "https://registry.yarnpkg.com/hasown/-/hasown-2.0.4.tgz#8c62d8cb90beb2aad5d0a5b67581ad9854c3f003"
  integrity sha512-T2UbfbBEF32wiepXIsMlTW9+dDYC6wMh/t/vYA4tuOMKqWz/n3vr1NFSxQiyP+zk2mXsoMA/i/7qV6LKut1t1A==
  dependencies:
    function-bind "^1.1.2"

hyperlinker@^1.0.0:
  version "1.0.0"
  resolved "https://registry.yarnpkg.com/hyperlinker/-/hyperlinker-1.0.0.tgz#23dc9e38a206b208ee49bc2d6c8ef47027df0c0e"
  integrity sha512-Ty8UblRWFEcfSuIaajM34LdPXIhbs1ajEX/BBPv24J+enSVaEVY63xQ6lTO9VRYS5LAoghIG0IDJ+p+IPzKUQQ==

ini@^5.0.0:
  version "5.0.0"
  resolved "https://registry.yarnpkg.com/ini/-/ini-5.0.0.tgz#a7a4615339843d9a8ccc2d85c9d81cf93ffbc638"
  integrity sha512-+N0ngpO3e7cRUWOJAS7qw0IZIVc6XPrW4MlFBdD066F2L4k1L6ker3hLqSq7iXxU5tgS4WGkIUElWn5vogAEnw==

is-number@^7.0.0:
  version "7.0.0"
  resolved "https://registry.yarnpkg.com/is-number/-/is-number-7.0.0.tgz#7535345b896734d5f80c4d06c50955527a14f12b"
  integrity sha512-41Cifkg6e8TylSpdtTpeLVMqvSBEVzTttHvERD741+pnZ8ANv0004MRL43QKPDlK9cGvNp6NZWZUBlbGXYxxng==

json-with-bigint@^3.5.3:
  version "3.5.10"
  resolved "https://registry.yarnpkg.com/json-with-bigint/-/json-with-bigint-3.5.10.tgz#1de608a5520ec47749e5147b0b3a686c979b1c7c"
  integrity sha512-Vcx+JVNEBts/xfcoCS69sKrOhOk/3TVlvlT+XzUOefVKnnrbYSCKpDCm10pohsJFtsJVYnwa/cXRZ4eElzaM6w==

json5@^2.2.3:
  version "2.2.3"
  resolved "https://registry.yarnpkg.com/json5/-/json5-2.2.3.tgz#78cd6f1a19bdc12b73db5ad0c61efd66c1e29283"
  integrity sha512-XmOWe7eyHYH14cLdVPoyg+GOH3rYX++KpzrylJwSW98t3Nk+U8XOl8FWKOgwtzdb8lXGf6zYwDUzeHMWfxasyg==

jsonpointer@^5.0.0:
  version "5.0.1"
  resolved "https://registry.yarnpkg.com/jsonpointer/-/jsonpointer-5.0.1.tgz#2110e0af0900fd37467b5907ecd13a7884a1b559"
  integrity sha512-p/nXbhSEcu3pZRdkW1OfJhpsVtW1gd4Wa1fnQc9YLiTfAjn0312eMKimbdIQzuZl9aa9xUGaRlP9T/CJE/ditQ==

jsonwebtoken@^9.0.0:
  version "9.0.3"
  resolved "https://registry.yarnpkg.com/jsonwebtoken/-/jsonwebtoken-9.0.3.tgz#6cd57ab01e9b0ac07cb847d53d3c9b6ee31f7ae2"
  integrity sha512-MT/xP0CrubFRNLNKvxJ2BYfy53Zkm++5bX9dtuPbqAeQpTVe0MQTFhao8+Cp//EmJp244xt6Drw/GVEGCUj40g==
  dependencies:
    jws "^4.0.1"
    lodash.includes "^4.3.0"
    lodash.isboolean "^3.0.3"
    lodash.isinteger "^4.0.4"
    lodash.isnumber "^3.0.3"
    lodash.isplainobject "^4.0.6"
    lodash.isstring "^4.0.1"
    lodash.once "^4.0.0"
    ms "^2.1.1"
    semver "^7.5.4"

jwa@^2.0.1:
  version "2.0.1"
  resolved "https://registry.yarnpkg.com/jwa/-/jwa-2.0.1.tgz#bf8176d1ad0cd72e0f3f58338595a13e110bc804"
  integrity sha512-hRF04fqJIP8Abbkq5NKGN0Bbr3JxlQ+qhZufXVr0DvujKy93ZCbXZMHDL4EOtodSbCWxOqR8MS1tXA5hwqCXDg==
  dependencies:
    buffer-equal-constant-time "^1.0.1"
    ecdsa-sig-formatter "1.0.11"
    safe-buffer "^5.0.1"

jws@^4.0.1:
  version "4.0.1"
  resolved "https://registry.yarnpkg.com/jws/-/jws-4.0.1.tgz#07edc1be8fac20e677b283ece261498bd38f0690"
  integrity sha512-EKI/M/yqPncGUUh44xz0PxSidXFr/+r0pA70+gIYhjv+et7yxM+s29Y+VGDkovRofQem0fs7Uvf4+YmAdyRduA==
  dependencies:
    jwa "^2.0.1"
    safe-buffer "^5.0.1"

lodash.includes@^4.3.0:
  version "4.3.0"
  resolved "https://registry.yarnpkg.com/lodash.includes/-/lodash.includes-4.3.0.tgz#60bb98a87cb923c68ca1e51325483314849f553f"
  integrity sha512-W3Bx6mdkRTGtlJISOvVD/lbqjTlPPUDTMnlXZFnVwi9NKJ6tiAk6LVdlhZMm17VZisqhKcgzpO5Wz91PCt5b0w==

lodash.isboolean@^3.0.3:
  version "3.0.3"
  resolved "https://registry.yarnpkg.com/lodash.isboolean/-/lodash.isboolean-3.0.3.tgz#6c2e171db2a257cd96802fd43b01b20d5f5870f6"
  integrity sha512-Bz5mupy2SVbPHURB98VAcw+aHh4vRV5IPNhILUCsOzRmsTmSQ17jIuqopAentWoehktxGd9e/hbIXq980/1QJg==

lodash.isinteger@^4.0.4:
  version "4.0.4"
  resolved "https://registry.yarnpkg.com/lodash.isinteger/-/lodash.isinteger-4.0.4.tgz#619c0af3d03f8b04c31f5882840b77b11cd68343"
  integrity sha512-DBwtEWN2caHQ9/imiNeEA5ys1JoRtRfY3d7V9wkqtbycnAmTvRRmbHKDV4a0EYc678/dia0jrte4tjYwVBaZUA==

lodash.isnumber@^3.0.3:
  version "3.0.3"
  resolved "https://registry.yarnpkg.com/lodash.isnumber/-/lodash.isnumber-3.0.3.tgz#3ce76810c5928d03352301ac287317f11c0b1ffc"
  integrity sha512-QYqzpfwO3/CWf3XP+Z+tkQsfaLL/EnUlXWVkIk5FUPc4sBdTehEqZONuyRt2P67PXAk+NXmTBcc97zw9t1FQrw==

lodash.isobject@^3.0.2:
  version "3.0.2"
  resolved "https://registry.yarnpkg.com/lodash.isobject/-/lodash.isobject-3.0.2.tgz#3c8fb8d5b5bf4bf90ae06e14f2a530a4ed935e1d"
  integrity sha512-3/Qptq2vr7WeJbB4KHUSKlq8Pl7ASXi3UG6CMbBm8WRtXi8+GHm7mKaU3urfpSEzWe2wCIChs6/sdocUsTKJiA==

lodash.isplainobject@^4.0.6:
  version "4.0.6"
  resolved "https://registry.yarnpkg.com/lodash.isplainobject/-/lodash.isplainobject-4.0.6.tgz#7c526a52d89b45c45cc690b88163be0497f550cb"
  integrity sha512-oSXzaWypCMHkPC3NvBEaPHf0KsA5mvPrOPgQWDsbg8n7orZ290M0BmC/jgRZ4vcJ6DTAhjrsSYgdsW/F+MFOBA==

lodash.isstring@^4.0.1:
  version "4.0.1"
  resolved "https://registry.yarnpkg.com/lodash.isstring/-/lodash.isstring-4.0.1.tgz#d527dfb5456eca7cc9bb95d5daeaf88ba54a5451"
  integrity sha512-0wJxfxH1wgO3GrbuP+dTTk7op+6L41QCXbGINEmD+ny/G/eCqGzxyCsh7159S+mgDDcoarnBw6PC1PS5+wUGgw==

lodash.mapvalues@^4.6.0:
  version "4.6.0"
  resolved "https://registry.yarnpkg.com/lodash.mapvalues/-/lodash.mapvalues-4.6.0.tgz#1bafa5005de9dd6f4f26668c30ca37230cc9689c"
  integrity sha512-JPFqXFeZQ7BfS00H58kClY7SPVeHertPE0lNuCyZ26/XlN8TvakYD7b9bGyNmXbT/D3BbtPAAmq90gPWqLkxlQ==

lodash.memoize@^4.1.2:
  version "4.1.2"
  resolved "https://registry.yarnpkg.com/lodash.memoize/-/lodash.memoize-4.1.2.tgz#bcc6c49a42a2840ed997f323eada5ecd182e0bfe"
  integrity sha512-t7j+NzmgnQzTAYXcsHYLgimltOV1MXHtlOWf6GjL9Kj8GK5FInw5JotxvbOs+IvV1/Dzo04/fCGfLVs7aXb4Ag==

lodash.once@^4.0.0:
  version "4.1.1"
  resolved "https://registry.yarnpkg.com/lodash.once/-/lodash.once-4.1.1.tgz#0dd3971213c7c56df880977d504c88fb471a97ac"
  integrity sha512-Sb487aTOCr9drQVL8pIxOzVhafOjZN9UU54hiN8PU3uAiSV7lx1yYNpbNmex2PK6dSJoNTSJUUswT651yww3Mg==

math-intrinsics@^1.1.0:
  version "1.1.0"
  resolved "https://registry.yarnpkg.com/math-intrinsics/-/math-intrinsics-1.1.0.tgz#a0dd74be81e2aa5c2f27e65ce283605ee4e2b7f9"
  integrity sha512-/IXtbwEk5HTPyEwyKX6hGkYXxM9nbj64B+ilVJnC/R6B0pH5G4V3b0pVbL7DBj4tkhBAppbQUlf6F6Xl9LHu1g==

memfs-or-file-map-to-github-branch@^1.3.0:
  version "1.3.0"
  resolved "https://registry.yarnpkg.com/memfs-or-file-map-to-github-branch/-/memfs-or-file-map-to-github-branch-1.3.0.tgz#4d02379460b1e5d1cd54ff46413813ea3a4dc134"
  integrity sha512-AzgIEodmt51dgwB3TmihTf1Fh2SmszdZskC6trFHy4v71R5shLmdjJSYI7ocVfFa7C/TE6ncb0OZ9eBg2rmkBQ==
  dependencies:
    "@octokit/rest" "*"

micromatch@^4.0.4:
  version "4.0.8"
  resolved "https://registry.yarnpkg.com/micromatch/-/micromatch-4.0.8.tgz#d66fa18f3a47076789320b9b1af32bd86d9fa202"
  integrity sha512-PXwfBhYu0hBCPw8Dn0E+WDYb7af3dSLVWKi3HGv84IdF4TyFoC0ysxFd0Goxw7nSv4T/PzEJQxsYsEiFCKo2BA==
  dependencies:
    braces "^3.0.3"
    picomatch "^2.3.1"

minimist@^1.2.0:
  version "1.2.8"
  resolved "https://registry.yarnpkg.com/minimist/-/minimist-1.2.8.tgz#c1a464e7693302e082a075cee0c057741ac4772c"
  integrity sha512-2yyAR8qBkN3YuheJanUpWC5U3bb5osDywNB8RzDVlDwDHbocAJveqqj1u8+SVD7jkWT4yvsHCpWqqWqAxb0zCA==

ms@^2.1.1, ms@^2.1.3:
  version "2.1.3"
  resolved "https://registry.yarnpkg.com/ms/-/ms-2.1.3.tgz#574c8138ce1d2b5861f0b44579dbadd60c6615b2"
  integrity sha512-6FlzubTLZG3J2a/NVCAleEhjzq5oxgHyaCU9yYXvcLsvoVaHJq/s5xXI6/XXP6tz7R9xAOtHnSO/tXtF3WRTlA==

node-cleanup@^2.1.2:
  version "2.1.2"
  resolved "https://registry.yarnpkg.com/node-cleanup/-/node-cleanup-2.1.2.tgz#7ac19abd297e09a7f72a71545d951b517e4dde2c"
  integrity sha512-qN8v/s2PAJwGUtr1/hYTpNKlD6Y9rc4p8KSmJXyGdYGZsDGKXrGThikLFP9OCHFeLeEpQzPwiAtdIvBLqm//Hw==

object-inspect@^1.13.3, object-inspect@^1.13.4:
  version "1.13.4"
  resolved "https://registry.yarnpkg.com/object-inspect/-/object-inspect-1.13.4.tgz#8375265e21bc20d0fa582c22e1b13485d6e00213"
  integrity sha512-W67iLl4J2EXEGTbfeHCffrjDfitvLANg0UlX3wFUUSTx92KXRFegMHUVgSqE+wvhAbi4WqjGg9czysTV2Epbew==

once@^1.4.0:
  version "1.4.0"
  resolved "https://registry.yarnpkg.com/once/-/once-1.4.0.tgz#583b1aa775961d4b113ac17d9c50baef9dd76bd1"
  integrity sha512-lNaJgI+2Q5URQBkccEKHTQOPaXdUxnZZElQTZY0MFUAuaEqe1E+Nyvgdz/aIyNi6Z9MzO5dv1H8n58/GELp3+w==
  dependencies:
    wrappy "1"

override-require@^1.1.1:
  version "1.1.1"
  resolved "https://registry.yarnpkg.com/override-require/-/override-require-1.1.1.tgz#6ae22fadeb1f850ffb0cf4c20ff7b87e5eb650df"
  integrity sha512-eoJ9YWxFcXbrn2U8FKT6RV+/Kj7fiGAB1VvHzbYKt8xM5ZuKZgCGvnHzDxmreEjcBH28ejg5MiOH4iyY1mQnkg==

parse-diff@^0.7.0:
  version "0.7.1"
  resolved "https://registry.yarnpkg.com/parse-diff/-/parse-diff-0.7.1.tgz#9b7a2451c3725baf2c87c831ba192d40ee2237d4"
  integrity sha512-1j3l8IKcy4yRK2W4o9EYvJLSzpAVwz4DXqCewYyx2vEwk2gcf3DBPqc8Fj4XV3K33OYJ08A8fWwyu/ykD/HUSg==

parse-github-url@^1.0.2:
  version "1.0.4"
  resolved "https://registry.yarnpkg.com/parse-github-url/-/parse-github-url-1.0.4.tgz#4b08752d219b4168a5502366cc459fe48fa8aa9f"
  integrity sha512-CEtCOt55fHmd6DpBc/N7H5NC4vJpcquhzzs9Iw2mRj8bVxo1O5TQI5MXKOMO7+yBOqD+5dKCCRK4Kj1KskZc6Q==

parse-link-header@^2.0.0:
  version "2.0.0"
  resolved "https://registry.yarnpkg.com/parse-link-header/-/parse-link-header-2.0.0.tgz#949353e284f8aa01f2ac857a98f692b57733f6b7"
  integrity sha512-xjU87V0VyHZybn2RrCX5TIFGxTVZE6zqqZWMPlIKiSKuWh/X5WZdt+w1Ki1nXB+8L/KtL+nZ4iq+sfI6MrhhMw==
  dependencies:
    xtend "~4.0.1"

picomatch@^2.3.1:
  version "2.3.2"
  resolved "https://registry.yarnpkg.com/picomatch/-/picomatch-2.3.2.tgz#5a942915e26b372dc0f0e6753149a16e6b1c5601"
  integrity sha512-V7+vQEJ06Z+c5tSye8S+nHUfI51xoXIXjHQ99cQtKUkQqqO1kO/KCJUfZXuB47h/YBlDhah2H3hdUGXn8ie0oA==

pinpoint@^1.1.0:
  version "1.1.0"
  resolved "https://registry.yarnpkg.com/pinpoint/-/pinpoint-1.1.0.tgz#0cf7757a6977f1bf7f6a32207b709e377388e874"
  integrity sha512-+04FTD9x7Cls2rihLlo57QDCcHoLBGn5Dk51SwtFBWkUWLxZaBXyNVpCw1S+atvE7GmnFjeaRZ0WLq3UYuqAdg==

prettyjson@^1.2.1:
  version "1.2.5"
  resolved "https://registry.yarnpkg.com/prettyjson/-/prettyjson-1.2.5.tgz#ef3cfffcc70505c032abc59785884b4027031835"
  integrity sha512-rksPWtoZb2ZpT5OVgtmy0KHVM+Dca3iVwWY9ifwhcexfjebtgjg3wmrUt9PvJ59XIYBcknQeYHD8IAnVlh9lAw==
  dependencies:
    colors "1.4.0"
    minimist "^1.2.0"

qs@^6.11.1:
  version "6.15.3"
  resolved "https://registry.yarnpkg.com/qs/-/qs-6.15.3.tgz#76852132a58ed5c7c0ef67e4441b9bb5d6061b3b"
  integrity sha512-O9gl3zCl5h5blw1KGUzQKhA5oUXSl8rwUIM5o0S3nCXMliSvy5Dzx7/DJcI+SwgICv+IneSZwhBh1oSyEHA71A==
  dependencies:
    es-define-property "^1.0.1"
    side-channel "^1.1.1"

readline-sync@^1.4.9:
  version "1.4.10"
  resolved "https://registry.yarnpkg.com/readline-sync/-/readline-sync-1.4.10.tgz#41df7fbb4b6312d673011594145705bf56d8873b"
  integrity sha512-gNva8/6UAe8QYepIQH/jQ2qn91Qj0B9sYjMBBs3QOB8F2CXcKgLxQaJRP76sWVRQt+QU+8fAkCbCvjjMFu7Ycw==

regenerator-runtime@^0.13.9:
  version "0.13.11"
  resolved "https://registry.yarnpkg.com/regenerator-runtime/-/regenerator-runtime-0.13.11.tgz#f6dca3e7ceec20590d07ada785636a90cdca17f9"
  integrity sha512-kY1AZVr2Ra+t+piVaJ4gxaFaReZVH40AKNo7UCX6W+dEwBo/2oZJzqfuN1qLq1oL45o56cPaTXELwrTh8Fpggg==

require-from-string@^2.0.2:
  version "2.0.2"
  resolved "https://registry.yarnpkg.com/require-from-string/-/require-from-string-2.0.2.tgz#89a7fdd938261267318eafe14f9c32e598c36909"
  integrity sha512-Xf0nWe6RseziFMu+Ap9biiUbmplq6S9/p+7w7YXP/JBHhrUDDUhwa+vANyubuqfZWTveU//DYVGsDG7RKL/vEw==

retry@0.12.0:
  version "0.12.0"
  resolved "https://registry.yarnpkg.com/retry/-/retry-0.12.0.tgz#1b42a6266a21f07421d1b0b54b7dc167b01c013b"
  integrity sha512-9LkiTwjUh6rT555DtE9rTX+BKByPfrMzEAtnlEtdEwr3Nkffwiihqe2bWADg+OQRjt9gl6ICdmB/ZFDCGAtSow==

safe-buffer@^5.0.1:
  version "5.2.1"
  resolved "https://registry.yarnpkg.com/safe-buffer/-/safe-buffer-5.2.1.tgz#1eaf9fa9bdb1fdd4ec75f58f9cdb4e6b7827eec6"
  integrity sha512-rp3So07KcdmmKbGvgaNxQSJr7bGVSVk5S9Eq1F+ppbRo70+YeaDxkw5Dd8NPN+GD6bjnYm2VuPuCXmpuYvmCXQ==

semver@^7.5.4:
  version "7.8.5"
  resolved "https://registry.yarnpkg.com/semver/-/semver-7.8.5.tgz#39b646037dd50c14fb451e7e4cac58ed8b863f69"
  integrity sha512-Y7/KDsb8LjooZpwaqGyulO6DQlksgCncchHGk+sZIY4SBvUocMBEFH5Ur1fI4dV+Jvl0w6cjvucaIi40puRioA==

side-channel-list@^1.0.1:
  version "1.0.1"
  resolved "https://registry.yarnpkg.com/side-channel-list/-/side-channel-list-1.0.1.tgz#c2e0b5a14a540aebee3bbc6c3f8666cc9b509127"
  integrity sha512-mjn/0bi/oUURjc5Xl7IaWi/OJJJumuoJFQJfDDyO46+hBWsfaVM65TBHq2eoZBhzl9EchxOijpkbRC8SVBQU0w==
  dependencies:
    es-errors "^1.3.0"
    object-inspect "^1.13.4"

side-channel-map@^1.0.1:
  version "1.0.1"
  resolved "https://registry.yarnpkg.com/side-channel-map/-/side-channel-map-1.0.1.tgz#d6bb6b37902c6fef5174e5f533fab4c732a26f42"
  integrity sha512-VCjCNfgMsby3tTdo02nbjtM/ewra6jPHmpThenkTYh8pG9ucZ/1P8So4u4FGBek/BjpOVsDCMoLA/iuBKIFXRA==
  dependencies:
    call-bound "^1.0.2"
    es-errors "^1.3.0"
    get-intrinsic "^1.2.5"
    object-inspect "^1.13.3"

side-channel-weakmap@^1.0.2:
  version "1.0.2"
  resolved "https://registry.yarnpkg.com/side-channel-weakmap/-/side-channel-weakmap-1.0.2.tgz#11dda19d5368e40ce9ec2bdc1fb0ecbc0790ecea"
  integrity sha512-WPS/HvHQTYnHisLo9McqBHOJk2FkHO/tlpvldyrnem4aeQp4hai3gythswg6p01oSoTl58rcpiFAjF2br2Ak2A==
  dependencies:
    call-bound "^1.0.2"
    es-errors "^1.3.0"
    get-intrinsic "^1.2.5"
    object-inspect "^1.13.3"
    side-channel-map "^1.0.1"

side-channel@^1.1.1:
  version "1.1.1"
  resolved "https://registry.yarnpkg.com/side-channel/-/side-channel-1.1.1.tgz#ea02c62e05dc4bea67d4442f0fb71ee192f8e0ab"
  integrity sha512-6x6dK6zJdpTzF4sQeNYxwtvBzf6Eg4GtlesS94HOvTudUeyK2WXAaIfmDgsyslYrRBeFIlsi54AYsFGUuhmvrQ==
  dependencies:
    es-errors "^1.3.0"
    object-inspect "^1.13.4"
    side-channel-list "^1.0.1"
    side-channel-map "^1.0.1"
    side-channel-weakmap "^1.0.2"

supports-color@^10.2.2:
  version "10.2.2"
  resolved "https://registry.yarnpkg.com/supports-color/-/supports-color-10.2.2.tgz#466c2978cc5cd0052d542a0b576461c2b802ebb4"
  integrity sha512-SS+jx45GF1QjgEXQx4NJZV9ImqmO2NPz5FNsIHrsDjh2YsHnawpan7SNQ1o8NuhrbHZy9AZhIoCUiCeaW/C80g==

supports-color@^7.1.0:
  version "7.2.0"
  resolved "https://registry.yarnpkg.com/supports-color/-/supports-color-7.2.0.tgz#1b7dcdcb32b8138801b3e478ba6a51caa89648da"
  integrity sha512-qpCAvRl9stuOHveKsn7HncJRvv501qIacKzQlO/+Lwxc9+0q2wLyv4Dfvt80/DPn2pqOBsJdDiogXGR9+OvwRw==
  dependencies:
    has-flag "^4.0.0"

supports-hyperlinks@^4.3.0:
  version "4.5.0"
  resolved "https://registry.yarnpkg.com/supports-hyperlinks/-/supports-hyperlinks-4.5.0.tgz#5e5cd74542a31ae6fdfbae75e1362b7b009c74cd"
  integrity sha512-ZW2OvfeCXrNTbLakPUzjQG922EeGCOteFSVoek5DKStTh898wf7zgtuFlzQN8HfZCxC3Eh02yJVrRW51hADf+w==
  dependencies:
    has-flag "^5.0.1"
    supports-color "^10.2.2"

to-regex-range@^5.0.1:
  version "5.0.1"
  resolved "https://registry.yarnpkg.com/to-regex-range/-/to-regex-range-5.0.1.tgz#1648c44aae7c8d988a326018ed72f5b4dd0392e4"
  integrity sha512-65P7iz6X5yEr1cwcgvQxbbIw7Uk3gOy5dIdtZ4rDveLqhrdJP+Li/Hx6tyK0NEb+2GCyneCMJiGqrADCSNk8sQ==
  dependencies:
    is-number "^7.0.0"

undici@6.21.1:
  version "6.21.1"
  resolved "https://registry.yarnpkg.com/undici/-/undici-6.21.1.tgz#336025a14162e6837e44ad7b819b35b6c6af0e05"
  integrity sha512-q/1rj5D0/zayJB2FraXdaWxbhWiNKDvu8naDT2dl1yTlvJp4BLtOcp2a5BvgGNQpYYJzau7tf1WgKv3b+7mqpQ==

universal-user-agent@^6.0.0:
  version "6.0.1"
  resolved "https://registry.yarnpkg.com/universal-user-agent/-/universal-user-agent-6.0.1.tgz#15f20f55da3c930c57bddbf1734c6654d5fd35aa"
  integrity sha512-yCzhz6FN2wU1NiiQRogkTQszlQSlpWaw8SvVegAc+bDxbzHgh1vX8uIe8OYyMH6DwH+sdTJsgMl36+mSMdRJIQ==

universal-user-agent@^7.0.0, universal-user-agent@^7.0.2:
  version "7.0.3"
  resolved "https://registry.yarnpkg.com/universal-user-agent/-/universal-user-agent-7.0.3.tgz#c05870a58125a2dc00431f2df815a77fe69736be"
  integrity sha512-TmnEAEAsBJVZM/AADELsK76llnwcf9vMKuPz8JflO1frO8Lchitr0fNaN9d+Ap0BjKtqWqd/J17qeDnXh8CL2A==

wrappy@1:
  version "1.0.2"
  resolved "https://registry.yarnpkg.com/wrappy/-/wrappy-1.0.2.tgz#b5243d8f3ec1aa35f1364605bc0d1036e30ab69f"
  integrity sha512-l4Sp/DRseor9wL6EvV2+TuQn63dMkPjZ/sp9XkghTEbV9KlPS1xUsZ3u7/IQO4wxtcFB4bgpQPRcR3QCvezPcQ==

xcase@^2.0.1:
  version "2.0.1"
  resolved "https://registry.yarnpkg.com/xcase/-/xcase-2.0.1.tgz#c7fa72caa0f440db78fd5673432038ac984450b9"
  integrity sha512-UmFXIPU+9Eg3E9m/728Bii0lAIuoc+6nbrNUKaRPJOFp91ih44qqGlWtxMB6kXFrRD6po+86ksHM5XHCfk6iPw==

xtend@~4.0.1:
  version "4.0.2"
  resolved "https://registry.yarnpkg.com/xtend/-/xtend-4.0.2.tgz#bb72779f5fa465186b1f438f674fa347fdb5db54"
  integrity sha512-LKYU1iAXJXUgAXn9URjiu+MWhyUXHsvfp7mcuYm9dSUKK0/CjtrUwFAxD82/mCWbtLsGjFIad0wIsod4zrTAEQ==
